// !$*UTF8*$!
{
	archiveVersion = 1;
	classes = {
	};
	objectVersion = 48;
	objects = {

/* Begin PBXBuildFile section */
		4AB4D2E01FEA1CA200FFD1F0 /* AppDelegate.swift in Sources */ = {isa = PBXBuildFile; fileRef = 4AB4D2DF1FEA1CA200FFD1F0 /* AppDelegate.swift */; };
		4AB4D2E21FEA1CA200FFD1F0 /* ViewController.swift in Sources */ = {isa = PBXBuildFile; fileRef = 4AB4D2E11FEA1CA200FFD1F0 /* ViewController.swift */; };
		4AB4D2E51FEA1CA200FFD1F0 /* Main.storyboard in Resources */ = {isa = PBXBuildFile; fileRef = 4AB4D2E31FEA1CA200FFD1F0 /* Main.storyboard */; };
		4AB4D2E71FEA1CA200FFD1F0 /* Assets.xcassets in Resources */ = {isa = PBXBuildFile; fileRef = 4AB4D2E61FEA1CA200FFD1F0 /* Assets.xcassets */; };
		4AB4D2EA1FEA1CA200FFD1F0 /* LaunchScreen.storyboard in Resources */ = {isa = PBXBuildFile; fileRef = 4AB4D2E81FEA1CA200FFD1F0 /* LaunchScreen.storyboard */; };
		4AB4D2F51FEA1CA200FFD1F0 /* CheckWiFiTests.swift in Sources */ = {isa = PBXBuildFile; fileRef = 4AB4D2F41FEA1CA200FFD1F0 /* CheckWiFiTests.swift */; };
		4AB4D3001FEA1CA200FFD1F0 /* CheckWiFiUITests.swift in Sources */ = {isa = PBXBuildFile; fileRef = 4AB4D2FF1FEA1CA200FFD1F0 /* CheckWiFiUITests.swift */; };
		4AB4D3141FEA1D3300FFD1F0 /* NotificationCenter.framework in Frameworks */ = {isa = PBXBuildFile; fileRef = 4AB4D3131FEA1D3300FFD1F0 /* NotificationCenter.framework */; };
		4AB4D3171FEA1D3300FFD1F0 /* TodayViewController.swift in Sources */ = {isa = PBXBuildFile; fileRef = 4AB4D3161FEA1D3300FFD1F0 /* TodayViewController.swift */; };
		4AB4D31A1FEA1D3300FFD1F0 /* MainInterface.storyboard in Resources */ = {isa = PBXBuildFile; fileRef = 4AB4D3181FEA1D3300FFD1F0 /* MainInterface.storyboard */; };
		4AB4D31E1FEA1D3300FFD1F0 /* WiFi_Info_Widget.appex in Embed App Extensions */ = {isa = PBXBuildFile; fileRef = 4AB4D3111FEA1D3300FFD1F0 /* WiFi_Info_Widget.appex */; settings = {ATTRIBUTES = (RemoveHeadersOnCopy, ); }; };
		4AB4D3281FEA393300FFD1F0 /* TestClass.swift in Sources */ = {isa = PBXBuildFile; fileRef = 4AB4D3271FEA393300FFD1F0 /* TestClass.swift */; };
		4AB4D32E1FEA4CFC00FFD1F0 /* WiFi_Info.swift in Sources */ = {isa = PBXBuildFile; fileRef = 4AB4D32D1FEA4CFC00FFD1F0 /* WiFi_Info.swift */; };
		4AB4D32F1FEA4CFC00FFD1F0 /* WiFi_Info.swift in Sources */ = {isa = PBXBuildFile; fileRef = 4AB4D32D1FEA4CFC00FFD1F0 /* WiFi_Info.swift */; };
		4AE214831FEA62160067D0D9 /* wifi.png in Resources */ = {isa = PBXBuildFile; fileRef = 4AE214821FEA62160067D0D9 /* wifi.png */; };
/* End PBXBuildFile section */

/* Begin PBXContainerItemProxy section */
		4AB4D2F11FEA1CA200FFD1F0 /* PBXContainerItemProxy */ = {
			isa = PBXContainerItemProxy;
			containerPortal = 4AB4D2D41FEA1CA200FFD1F0 /* Project object */;
			proxyType = 1;
			remoteGlobalIDString = 4AB4D2DB1FEA1CA200FFD1F0;
			remoteInfo = CheckWiFi;
		};
		4AB4D2FC1FEA1CA200FFD1F0 /* PBXContainerItemProxy */ = {
			isa = PBXContainerItemProxy;
			containerPortal = 4AB4D2D41FEA1CA200FFD1F0 /* Project object */;
			proxyType = 1;
			remoteGlobalIDString = 4AB4D2DB1FEA1CA200FFD1F0;
			remoteInfo = CheckWiFi;
		};
		4AB4D31C1FEA1D3300FFD1F0 /* PBXContainerItemProxy */ = {
			isa = PBXContainerItemProxy;
			containerPortal = 4AB4D2D41FEA1CA200FFD1F0 /* Project object */;
			proxyType = 1;
			remoteGlobalIDString = 4AB4D3101FEA1D3300FFD1F0;
			remoteInfo = WiFi_Info_Widget;
		};
/* End PBXContainerItemProxy section */

/* Begin PBXCopyFilesBuildPhase section */
		4AB4D3221FEA1D3300FFD1F0 /* Embed App Extensions */ = {
			isa = PBXCopyFilesBuildPhase;
			buildActionMask = 2147483647;
			dstPath = "";
			dstSubfolderSpec = 13;
			files = (
				4AB4D31E1FEA1D3300FFD1F0 /* WiFi_Info_Widget.appex in Embed App Extensions */,
			);
			name = "Embed App Extensions";
			runOnlyForDeploymentPostprocessing = 0;
		};
/* End PBXCopyFilesBuildPhase section */

/* Begin PBXFileReference section */
		4AB4D2DC1FEA1CA200FFD1F0 /* CheckWiFi.app */ = {isa = PBXFileReference; explicitFileType = wrapper.application; includeInIndex = 0; path = CheckWiFi.app; sourceTree = BUILT_PRODUCTS_DIR; };
		4AB4D2DF1FEA1CA200FFD1F0 /* AppDelegate.swift */ = {isa = PBXFileReference; lastKnownFileType = sourcecode.swift; path = AppDelegate.swift; sourceTree = "<group>"; };
		4AB4D2E11FEA1CA200FFD1F0 /* ViewController.swift */ = {isa = PBXFileReference; lastKnownFileType = sourcecode.swift; path = ViewController.swift; sourceTree = "<group>"; };
		4AB4D2E41FEA1CA200FFD1F0 /* Base */ = {isa = PBXFileReference; lastKnownFileType = file.storyboard; name = Base; path = Base.lproj/Main.storyboard; sourceTree = "<group>"; };
		4AB4D2E61FEA1CA200FFD1F0 /* Assets.xcassets */ = {isa = PBXFileReference; lastKnownFileType = folder.assetcatalog; path = Assets.xcassets; sourceTree = "<group>"; };
		4AB4D2E91FEA1CA200FFD1F0 /* Base */ = {isa = PBXFileReference; lastKnownFileType = file.storyboard; name = Base; path = Base.lproj/LaunchScreen.storyboard; sourceTree = "<group>"; };
		4AB4D2EB1FEA1CA200FFD1F0 /* Info.plist */ = {isa = PBXFileReference; lastKnownFileType = text.plist.xml; path = Info.plist; sourceTree = "<group>"; };
		4AB4D2F01FEA1CA200FFD1F0 /* CheckWiFiTests.xctest */ = {isa = PBXFileReference; explicitFileType = wrapper.cfbundle; includeInIndex = 0; path = CheckWiFiTests.xctest; sourceTree = BUILT_PRODUCTS_DIR; };
		4AB4D2F41FEA1CA200FFD1F0 /* CheckWiFiTests.swift */ = {isa = PBXFileReference; lastKnownFileType = sourcecode.swift; path = CheckWiFiTests.swift; sourceTree = "<group>"; };
		4AB4D2F61FEA1CA200FFD1F0 /* Info.plist */ = {isa = PBXFileReference; lastKnownFileType = text.plist.xml; path = Info.plist; sourceTree = "<group>"; };
		4AB4D2FB1FEA1CA200FFD1F0 /* CheckWiFiUITests.xctest */ = {isa = PBXFileReference; explicitFileType = wrapper.cfbundle; includeInIndex = 0; path = CheckWiFiUITests.xctest; sourceTree = BUILT_PRODUCTS_DIR; };
		4AB4D2FF1FEA1CA200FFD1F0 /* CheckWiFiUITests.swift */ = {isa = PBXFileReference; lastKnownFileType = sourcecode.swift; path = CheckWiFiUITests.swift; sourceTree = "<group>"; };
		4AB4D3011FEA1CA200FFD1F0 /* Info.plist */ = {isa = PBXFileReference; lastKnownFileType = text.plist.xml; path = Info.plist; sourceTree = "<group>"; };
		4AB4D3111FEA1D3300FFD1F0 /* WiFi_Info_Widget.appex */ = {isa = PBXFileReference; explicitFileType = "wrapper.app-extension"; includeInIndex = 0; path = WiFi_Info_Widget.appex; sourceTree = BUILT_PRODUCTS_DIR; };
		4AB4D3131FEA1D3300FFD1F0 /* NotificationCenter.framework */ = {isa = PBXFileReference; lastKnownFileType = wrapper.framework; name = NotificationCenter.framework; path = System/Library/Frameworks/NotificationCenter.framework; sourceTree = SDKROOT; };
		4AB4D3161FEA1D3300FFD1F0 /* TodayViewController.swift */ = {isa = PBXFileReference; lastKnownFileType = sourcecode.swift; path = TodayViewController.swift; sourceTree = "<group>"; };
		4AB4D3191FEA1D3300FFD1F0 /* Base */ = {isa = PBXFileReference; lastKnownFileType = file.storyboard; name = Base; path = Base.lproj/MainInterface.storyboard; sourceTree = "<group>"; };
		4AB4D31B1FEA1D3300FFD1F0 /* Info.plist */ = {isa = PBXFileReference; lastKnownFileType = text.plist.xml; path = Info.plist; sourceTree = "<group>"; };
		4AB4D3251FEA269800FFD1F0 /* WiFi_Info_Widget.entitlements */ = {isa = PBXFileReference; lastKnownFileType = text.plist.entitlements; path = WiFi_Info_Widget.entitlements; sourceTree = "<group>"; };
		4AB4D3261FEA35AF00FFD1F0 /* CheckWiFi.entitlements */ = {isa = PBXFileReference; lastKnownFileType = text.plist.entitlements; path = CheckWiFi.entitlements; sourceTree = "<group>"; };
		4AB4D3271FEA393300FFD1F0 /* TestClass.swift */ = {isa = PBXFileReference; lastKnownFileType = sourcecode.swift; path = TestClass.swift; sourceTree = "<group>"; };
		4AB4D32D1FEA4CFC00FFD1F0 /* WiFi_Info.swift */ = {isa = PBXFileReference; lastKnownFileType = sourcecode.swift; path = WiFi_Info.swift; sourceTree = "<group>"; };
		4AE214821FEA62160067D0D9 /* wifi.png */ = {isa = PBXFileReference; lastKnownFileType = image.png; path = wifi.png; sourceTree = "<group>"; };
/* End PBXFileReference section */

/* Begin PBXFrameworksBuildPhase section */
		4AB4D2D91FEA1CA200FFD1F0 /* Frameworks */ = {
			isa = PBXFrameworksBuildPhase;
			buildActionMask = 2147483647;
			files = (
			);
			runOnlyForDeploymentPostprocessing = 0;
		};
		4AB4D2ED1FEA1CA200FFD1F0 /* Frameworks */ = {
			isa = PBXFrameworksBuildPhase;
			buildActionMask = 2147483647;
			files = (
			);
			runOnlyForDeploymentPostprocessing = 0;
		};
		4AB4D2F81FEA1CA200FFD1F0 /* Frameworks */ = {
			isa = PBXFrameworksBuildPhase;
			buildActionMask = 2147483647;
			files = (
			);
			runOnlyForDeploymentPostprocessing = 0;
		};
		4AB4D30E1FEA1D3300FFD1F0 /* Frameworks */ = {
			isa = PBXFrameworksBuildPhase;
			buildActionMask = 2147483647;
			files = (
				4AB4D3141FEA1D3300FFD1F0 /* NotificationCenter.framework in Frameworks */,
			);
			runOnlyForDeploymentPostprocessing = 0;
		};
/* End PBXFrameworksBuildPhase section */

/* Begin PBXGroup section */
		4AB4D2D31FEA1CA200FFD1F0 = {
			isa = PBXGroup;
			children = (
				4AB4D32D1FEA4CFC00FFD1F0 /* WiFi_Info.swift */,
				4AB4D2DE1FEA1CA200FFD1F0 /* CheckWiFi */,
				4AB4D2F31FEA1CA200FFD1F0 /* CheckWiFiTests */,
				4AB4D2FE1FEA1CA200FFD1F0 /* CheckWiFiUITests */,
				4AB4D3151FEA1D3300FFD1F0 /* WiFi_Info_Widget */,
				4AB4D3121FEA1D3300FFD1F0 /* Frameworks */,
				4AB4D2DD1FEA1CA200FFD1F0 /* Products */,
			);
			sourceTree = "<group>";
		};
		4AB4D2DD1FEA1CA200FFD1F0 /* Products */ = {
			isa = PBXGroup;
			children = (
				4AB4D2DC1FEA1CA200FFD1F0 /* CheckWiFi.app */,
				4AB4D2F01FEA1CA200FFD1F0 /* CheckWiFiTests.xctest */,
				4AB4D2FB1FEA1CA200FFD1F0 /* CheckWiFiUITests.xctest */,
				4AB4D3111FEA1D3300FFD1F0 /* WiFi_Info_Widget.appex */,
			);
			name = Products;
			sourceTree = "<group>";
		};
		4AB4D2DE1FEA1CA200FFD1F0 /* CheckWiFi */ = {
			isa = PBXGroup;
			children = (
				4AE214821FEA62160067D0D9 /* wifi.png */,
				4AB4D3261FEA35AF00FFD1F0 /* CheckWiFi.entitlements */,
				4AB4D2DF1FEA1CA200FFD1F0 /* AppDelegate.swift */,
				4AB4D2E11FEA1CA200FFD1F0 /* ViewController.swift */,
				4AB4D2E31FEA1CA200FFD1F0 /* Main.storyboard */,
				4AB4D2E61FEA1CA200FFD1F0 /* Assets.xcassets */,
				4AB4D2E81FEA1CA200FFD1F0 /* LaunchScreen.storyboard */,
				4AB4D2EB1FEA1CA200FFD1F0 /* Info.plist */,
			);
			path = CheckWiFi;
			sourceTree = "<group>";
		};
		4AB4D2F31FEA1CA200FFD1F0 /* CheckWiFiTests */ = {
			isa = PBXGroup;
			children = (
				4AB4D2F41FEA1CA200FFD1F0 /* CheckWiFiTests.swift */,
				4AB4D2F61FEA1CA200FFD1F0 /* Info.plist */,
			);
			path = CheckWiFiTests;
			sourceTree = "<group>";
		};
		4AB4D2FE1FEA1CA200FFD1F0 /* CheckWiFiUITests */ = {
			isa = PBXGroup;
			children = (
				4AB4D2FF1FEA1CA200FFD1F0 /* CheckWiFiUITests.swift */,
				4AB4D3011FEA1CA200FFD1F0 /* Info.plist */,
			);
			path = CheckWiFiUITests;
			sourceTree = "<group>";
		};
		4AB4D3121FEA1D3300FFD1F0 /* Frameworks */ = {
			isa = PBXGroup;
			children = (
				4AB4D3131FEA1D3300FFD1F0 /* NotificationCenter.framework */,
			);
			name = Frameworks;
			sourceTree = "<group>";
		};
		4AB4D3151FEA1D3300FFD1F0 /* WiFi_Info_Widget */ = {
			isa = PBXGroup;
			children = (
				4AB4D3251FEA269800FFD1F0 /* WiFi_Info_Widget.entitlements */,
				4AB4D3161FEA1D3300FFD1F0 /* TodayViewController.swift */,
				4AB4D3181FEA1D3300FFD1F0 /* MainInterface.storyboard */,
				4AB4D31B1FEA1D3300FFD1F0 /* Info.plist */,
				4AB4D3271FEA393300FFD1F0 /* TestClass.swift */,
			);
			path = WiFi_Info_Widget;
			sourceTree = "<group>";
		};
/* End PBXGroup section */

/* Begin PBXNativeTarget section */
		4AB4D2DB1FEA1CA200FFD1F0 /* CheckWiFi */ = {
			isa = PBXNativeTarget;
			buildConfigurationList = 4AB4D3041FEA1CA200FFD1F0 /* Build configuration list for PBXNativeTarget "CheckWiFi" */;
			buildPhases = (
				4AB4D2D81FEA1CA200FFD1F0 /* Sources */,
				4AB4D2D91FEA1CA200FFD1F0 /* Frameworks */,
				4AB4D2DA1FEA1CA200FFD1F0 /* Resources */,
				4AB4D3221FEA1D3300FFD1F0 /* Embed App Extensions */,
			);
			buildRules = (
			);
			dependencies = (
				4AB4D31D1FEA1D3300FFD1F0 /* PBXTargetDependency */,
			);
			name = CheckWiFi;
			productName = CheckWiFi;
			productReference = 4AB4D2DC1FEA1CA200FFD1F0 /* CheckWiFi.app */;
			productType = "com.apple.product-type.application";
		};
		4AB4D2EF1FEA1CA200FFD1F0 /* CheckWiFiTests */ = {
			isa = PBXNativeTarget;
			buildConfigurationList = 4AB4D3071FEA1CA200FFD1F0 /* Build configuration list for PBXNativeTarget "CheckWiFiTests" */;
			buildPhases = (
				4AB4D2EC1FEA1CA200FFD1F0 /* Sources */,
				4AB4D2ED1FEA1CA200FFD1F0 /* Frameworks */,
				4AB4D2EE1FEA1CA200FFD1F0 /* Resources */,
			);
			buildRules = (
			);
			dependencies = (
				4AB4D2F21FEA1CA200FFD1F0 /* PBXTargetDependency */,
			);
			name = CheckWiFiTests;
			productName = CheckWiFiTests;
			productReference = 4AB4D2F01FEA1CA200FFD1F0 /* CheckWiFiTests.xctest */;
			productType = "com.apple.product-type.bundle.unit-test";
		};
		4AB4D2FA1FEA1CA200FFD1F0 /* CheckWiFiUITests */ = {
			isa = PBXNativeTarget;
			buildConfigurationList = 4AB4D30A1FEA1CA200FFD1F0 /* Build configuration list for PBXNativeTarget "CheckWiFiUITests" */;
			buildPhases = (
				4AB4D2F71FEA1CA200FFD1F0 /* Sources */,
				4AB4D2F81FEA1CA200FFD1F0 /* Frameworks */,
				4AB4D2F91FEA1CA200FFD1F0 /* Resources */,
			);
			buildRules = (
			);
			dependencies = (
				4AB4D2FD1FEA1CA200FFD1F0 /* PBXTargetDependency */,
			);
			name = CheckWiFiUITests;
			productName = CheckWiFiUITests;
			productReference = 4AB4D2FB1FEA1CA200FFD1F0 /* CheckWiFiUITests.xctest */;
			productType = "com.apple.product-type.bundle.ui-testing";
		};
		4AB4D3101FEA1D3300FFD1F0 /* WiFi_Info_Widget */ = {
			isa = PBXNativeTarget;
			buildConfigurationList = 4AB4D31F1FEA1D3300FFD1F0 /* Build configuration list for PBXNativeTarget "WiFi_Info_Widget" */;
			buildPhases = (
				4AB4D30D1FEA1D3300FFD1F0 /* Sources */,
				4AB4D30E1FEA1D3300FFD1F0 /* Frameworks */,
				4AB4D30F1FEA1D3300FFD1F0 /* Resources */,
			);
			buildRules = (
			);
			dependencies = (
			);
			name = WiFi_Info_Widget;
			productName = WiFi_Info_Widget;
			productReference = 4AB4D3111FEA1D3300FFD1F0 /* WiFi_Info_Widget.appex */;
			productType = "com.apple.product-type.app-extension";
		};
/* End PBXNativeTarget section */

/* Begin PBXProject section */
		4AB4D2D41FEA1CA200FFD1F0 /* Project object */ = {
			isa = PBXProject;
			attributes = {
				LastSwiftUpdateCheck = 0920;
				LastUpgradeCheck = 0920;
				ORGANIZATIONNAME = ansi;
				TargetAttributes = {
					4AB4D2DB1FEA1CA200FFD1F0 = {
						CreatedOnToolsVersion = 9.2;
						ProvisioningStyle = Automatic;
						SystemCapabilities = {
							com.apple.ApplicationGroups.iOS = {
								enabled = 1;
							};
						};
					};
					4AB4D2EF1FEA1CA200FFD1F0 = {
						CreatedOnToolsVersion = 9.2;
						ProvisioningStyle = Automatic;
						TestTargetID = 4AB4D2DB1FEA1CA200FFD1F0;
					};
					4AB4D2FA1FEA1CA200FFD1F0 = {
						CreatedOnToolsVersion = 9.2;
						ProvisioningStyle = Automatic;
						TestTargetID = 4AB4D2DB1FEA1CA200FFD1F0;
					};
					4AB4D3101FEA1D3300FFD1F0 = {
						CreatedOnToolsVersion = 9.2;
						ProvisioningStyle = Automatic;
						SystemCapabilities = {
							com.apple.ApplicationGroups.iOS = {
								enabled = 1;
							};
						};
					};
				};
			};
			buildConfigurationList = 4AB4D2D71FEA1CA200FFD1F0 /* Build configuration list for PBXProject "CheckWiFi" */;
			compatibilityVersion = "Xcode 8.0";
			developmentRegion = en;
			hasScannedForEncodings = 0;
			knownRegions = (
				en,
				Base,
			);
			mainGroup = 4AB4D2D31FEA1CA200FFD1F0;
			productRefGroup = 4AB4D2DD1FEA1CA200FFD1F0 /* Products */;
			projectDirPath = "";
			projectRoot = "";
			targets = (
				4AB4D2DB1FEA1CA200FFD1F0 /* CheckWiFi */,
				4AB4D2EF1FEA1CA200FFD1F0 /* CheckWiFiTests */,
				4AB4D2FA1FEA1CA200FFD1F0 /* CheckWiFiUITests */,
				4AB4D3101FEA1D3300FFD1F0 /* WiFi_Info_Widget */,
			);
		};
/* End PBXProject section */

/* Begin PBXResourcesBuildPhase section */
		4AB4D2DA1FEA1CA200FFD1F0 /* Resources */ = {
			isa = PBXResourcesBuildPhase;
			buildActionMask = 2147483647;
			files = (
				4AB4D2EA1FEA1CA200FFD1F0 /* LaunchScreen.storyboard in Resources */,
				4AB4D2E71FEA1CA200FFD1F0 /* Assets.xcassets in Resources */,
				4AE214831FEA62160067D0D9 /* wifi.png in Resources */,
				4AB4D2E51FEA1CA200FFD1F0 /* Main.storyboard in Resources */,
			);
			runOnlyForDeploymentPostprocessing = 0;
		};
		4AB4D2EE1FEA1CA200FFD1F0 /* Resources */ = {
			isa = PBXResourcesBuildPhase;
			buildActionMask = 2147483647;
			files = (
			);
			runOnlyForDeploymentPostprocessing = 0;
		};
		4AB4D2F91FEA1CA200FFD1F0 /* Resources */ = {
			isa = PBXResourcesBuildPhase;
			buildActionMask = 2147483647;
			files = (
			);
			runOnlyForDeploymentPostprocessing = 0;
		};
		4AB4D30F1FEA1D3300FFD1F0 /* Resources */ = {
			isa = PBXResourcesBuildPhase;
			buildActionMask = 2147483647;
			files = (
				4AB4D31A1FEA1D3300FFD1F0 /* MainInterface.storyboard in Resources */,
			);
			runOnlyForDeploymentPostprocessing = 0;
		};
/* End PBXResourcesBuildPhase section */

/* Begin PBXSourcesBuildPhase section */
		4AB4D2D81FEA1CA200FFD1F0 /* Sources */ = {
			isa = PBXSourcesBuildPhase;
			buildActionMask = 2147483647;
			files = (
				4AB4D2E21FEA1CA200FFD1F0 /* ViewController.swift in Sources */,
				4AB4D32E1FEA4CFC00FFD1F0 /* WiFi_Info.swift in Sources */,
				4AB4D2E01FEA1CA200FFD1F0 /* AppDelegate.swift in Sources */,
			);
			runOnlyForDeploymentPostprocessing = 0;
		};
		4AB4D2EC1FEA1CA200FFD1F0 /* Sources */ = {
			isa = PBXSourcesBuildPhase;
			buildActionMask = 2147483647;
			files = (
				4AB4D2F51FEA1CA200FFD1F0 /* CheckWiFiTests.swift in Sources */,
			);
			runOnlyForDeploymentPostprocessing = 0;
		};
		4AB4D2F71FEA1CA200FFD1F0 /* Sources */ = {
			isa = PBXSourcesBuildPhase;
			buildActionMask = 2147483647;
			files = (
				4AB4D3001FEA1CA200FFD1F0 /* CheckWiFiUITests.swift in Sources */,
			);
			runOnlyForDeploymentPostprocessing = 0;
		};
		4AB4D30D1FEA1D3300FFD1F0 /* Sources */ = {
			isa = PBXSourcesBuildPhase;
			buildActionMask = 2147483647;
			files = (
				4AB4D3281FEA393300FFD1F0 /* TestClass.swift in Sources */,
				4AB4D32F1FEA4CFC00FFD1F0 /* WiFi_Info.swift in Sources */,
				4AB4D3171FEA1D3300FFD1F0 /* TodayViewController.swift in Sources */,
			);
			runOnlyForDeploymentPostprocessing = 0;
		};
/* End PBXSourcesBuildPhase section */

/* Begin PBXTargetDependency section */
		4AB4D2F21FEA1CA200FFD1F0 /* PBXTargetDependency */ = {
			isa = PBXTargetDependency;
			target = 4AB4D2DB1FEA1CA200FFD1F0 /* CheckWiFi */;
			targetProxy = 4AB4D2F11FEA1CA200FFD1F0 /* PBXContainerItemProxy */;
		};
		4AB4D2FD1FEA1CA200FFD1F0 /* PBXTargetDependency */ = {
			isa = PBXTargetDependency;
			target = 4AB4D2DB1FEA1CA200FFD1F0 /* CheckWiFi */;
			targetProxy = 4AB4D2FC1FEA1CA200FFD1F0 /* PBXContainerItemProxy */;
		};
		4AB4D31D1FEA1D3300FFD1F0 /* PBXTargetDependency */ = {
			isa = PBXTargetDependency;
			target = 4AB4D3101FEA1D3300FFD1F0 /* WiFi_Info_Widget */;
			targetProxy = 4AB4D31C1FEA1D3300FFD1F0 /* PBXContainerItemProxy */;
		};
/* End PBXTargetDependency section */

/* Begin PBXVariantGroup section */
		4AB4D2E31FEA1CA200FFD1F0 /* Main.storyboard */ = {
			isa = PBXVariantGroup;
			children = (
				4AB4D2E41FEA1CA200FFD1F0 /* Base */,
			);
			name = Main.storyboard;
			sourceTree = "<group>";
		};
		4AB4D2E81FEA1CA200FFD1F0 /* LaunchScreen.storyboard */ = {
			isa = PBXVariantGroup;
			children = (
				4AB4D2E91FEA1CA200FFD1F0 /* Base */,
			);
			name = LaunchScreen.storyboard;
			sourceTree = "<group>";
		};
		4AB4D3181FEA1D3300FFD1F0 /* MainInterface.storyboard */ = {
			isa = PBXVariantGroup;
			children = (
				4AB4D3191FEA1D3300FFD1F0 /* Base */,
			);
			name = MainInterface.storyboard;
			sourceTree = "<group>";
		};
/* End PBXVariantGroup section */

/* Begin XCBuildConfiguration section */
		4AB4D3021FEA1CA200FFD1F0 /* Debug */ = {
			isa = XCBuildConfiguration;
			buildSettings = {
				ALWAYS_SEARCH_USER_PATHS = NO;
				CLANG_ANALYZER_NONNULL = YES;
				CLANG_ANALYZER_NUMBER_OBJECT_CONVERSION = YES_AGGRESSIVE;
				CLANG_CXX_LANGUAGE_STANDARD = "gnu++14";
				CLANG_CXX_LIBRARY = "libc++";
				CLANG_ENABLE_MODULES = YES;
				CLANG_ENABLE_OBJC_ARC = YES;
				CLANG_WARN_BLOCK_CAPTURE_AUTORELEASING = YES;
				CLANG_WARN_BOOL_CONVERSION = YES;
				CLANG_WARN_COMMA = YES;
				CLANG_WARN_CONSTANT_CONVERSION = YES;
				CLANG_WARN_DIRECT_OBJC_ISA_USAGE = YES_ERROR;
				CLANG_WARN_DOCUMENTATION_COMMENTS = YES;
				CLANG_WARN_EMPTY_BODY = YES;
				CLANG_WARN_ENUM_CONVERSION = YES;
				CLANG_WARN_INFINITE_RECURSION = YES;
				CLANG_WARN_INT_CONVERSION = YES;
				CLANG_WARN_NON_LITERAL_NULL_CONVERSION = YES;
				CLANG_WARN_OBJC_LITERAL_CONVERSION = YES;
				CLANG_WARN_OBJC_ROOT_CLASS = YES_ERROR;
				CLANG_WARN_RANGE_LOOP_ANALYSIS = YES;
				CLANG_WARN_STRICT_PROTOTYPES = YES;
				CLANG_WARN_SUSPICIOUS_MOVE = YES;
				CLANG_WARN_UNGUARDED_AVAILABILITY = YES_AGGRESSIVE;
				CLANG_WARN_UNREACHABLE_CODE = YES;
				CLANG_WARN__DUPLICATE_METHOD_MATCH = YES;
				CODE_SIGN_IDENTITY = "iPhone Developer";
				COPY_PHASE_STRIP = NO;
				DEBUG_INFORMATION_FORMAT = dwarf;
				ENABLE_STRICT_OBJC_MSGSEND = YES;
				ENABLE_TESTABILITY = YES;
				GCC_C_LANGUAGE_STANDARD = gnu11;
				GCC_DYNAMIC_NO_PIC = NO;
				GCC_NO_COMMON_BLOCKS = YES;
				GCC_OPTIMIZATION_LEVEL = 0;
				GCC_PREPROCESSOR_DEFINITIONS = (
					"DEBUG=1",
					"$(inherited)",
				);
				GCC_WARN_64_TO_32_BIT_CONVERSION = YES;
				GCC_WARN_ABOUT_RETURN_TYPE = YES_ERROR;
				GCC_WARN_UNDECLARED_SELECTOR = YES;
				GCC_WARN_UNINITIALIZED_AUTOS = YES_AGGRESSIVE;
				GCC_WARN_UNUSED_FUNCTION = YES;
				GCC_WARN_UNUSED_VARIABLE = YES;
				IPHONEOS_DEPLOYMENT_TARGET = 11.2;
				MTL_ENABLE_DEBUG_INFO = YES;
				ONLY_ACTIVE_ARCH = YES;
				SDKROOT = iphoneos;
				SWIFT_ACTIVE_COMPILATION_CONDITIONS = DEBUG;
				SWIFT_OPTIMIZATION_LEVEL = "-Onone";
			};
			name = Debug;
		};
		4AB4D3031FEA1CA200FFD1F0 /* Release */ = {
			isa = XCBuildConfiguration;
			buildSettings = {
				ALWAYS_SEARCH_USER_PATHS = NO;
				CLANG_ANALYZER_NONNULL = YES;
				CLANG_ANALYZER_NUMBER_OBJECT_CONVERSION = YES_AGGRESSIVE;
				CLANG_CXX_LANGUAGE_STANDARD = "gnu++14";
				CLANG_CXX_LIBRARY = "libc++";
				CLANG_ENABLE_MODULES = YES;
				CLANG_ENABLE_OBJC_ARC = YES;
				CLANG_WARN_BLOCK_CAPTURE_AUTORELEASING = YES;
				CLANG_WARN_BOOL_CONVERSION = YES;
				CLANG_WARN_COMMA = YES;
				CLANG_WARN_CONSTANT_CONVERSION = YES;
				CLANG_WARN_DIRECT_OBJC_ISA_USAGE = YES_ERROR;
				CLANG_WARN_DOCUMENTATION_COMMENTS = YES;
				CLANG_WARN_EMPTY_BODY = YES;
				CLANG_WARN_ENUM_CONVERSION = YES;
				CLANG_WARN_INFINITE_RECURSION = YES;
				CLANG_WARN_INT_CONVERSION = YES;
				CLANG_WARN_NON_LITERAL_NULL_CONVERSION = YES;
				CLANG_WARN_OBJC_LITERAL_CONVERSION = YES;
				CLANG_WARN_OBJC_ROOT_CLASS = YES_ERROR;
				CLANG_WARN_RANGE_LOOP_ANALYSIS = YES;
				CLANG_WARN_STRICT_PROTOTYPES = YES;
				CLANG_WARN_SUSPICIOUS_MOVE = YES;
				CLANG_WARN_UNGUARDED_AVAILABILITY = YES_AGGRESSIVE;
				CLANG_WARN_UNREACHABLE_CODE = YES;
				CLANG_WARN__DUPLICATE_METHOD_MATCH = YES;
				CODE_SIGN_IDENTITY = "iPhone Developer";
				COPY_PHASE_STRIP = NO;
				DEBUG_INFORMATION_FORMAT = "dwarf-with-dsym";
				ENABLE_NS_ASSERTIONS = NO;
				ENABLE_STRICT_OBJC_MSGSEND = YES;
				GCC_C_LANGUAGE_STANDARD = gnu11;
				GCC_NO_COMMON_BLOCKS = YES;
				GCC_WARN_64_TO_32_BIT_CONVERSION = YES;
				GCC_WARN_ABOUT_RETURN_TYPE = YES_ERROR;
				GCC_WARN_UNDECLARED_SELECTOR = YES;
				GCC_WARN_UNINITIALIZED_AUTOS = YES_AGGRESSIVE;
				GCC_WARN_UNUSED_FUNCTION = YES;
				GCC_WARN_UNUSED_VARIABLE = YES;
				IPHONEOS_DEPLOYMENT_TARGET = 11.2;
				MTL_ENABLE_DEBUG_INFO = NO;
				SDKROOT = iphoneos;
				SWIFT_OPTIMIZATION_LEVEL = "-Owholemodule";
				VALIDATE_PRODUCT = YES;
			};
			name = Release;
		};
		4AB4D3051FEA1CA200FFD1F0 /* Debug */ = {
			isa = XCBuildConfiguration;
			buildSettings = {
				ALWAYS_EMBED_SWIFT_STANDARD_LIBRARIES = YES;
				ASSETCATALOG_COMPILER_APPICON_NAME = AppIcon;
				CODE_SIGN_ENTITLEMENTS = CheckWiFi/CheckWiFi.entitlements;
				CODE_SIGN_STYLE = Automatic;
				DEVELOPMENT_TEAM = 3LKUPW7U8G;
				INFOPLIST_FILE = CheckWiFi/Info.plist;
				LD_RUNPATH_SEARCH_PATHS = "$(inherited) @executable_path/Frameworks";
				PRODUCT_BUNDLE_IDENTIFIER = com.study.CheckWiFi;
				PRODUCT_NAME = "$(TARGET_NAME)";
				SWIFT_VERSION = 4.0;
				TARGETED_DEVICE_FAMILY = "1,2";
			};
			name = Debug;
		};
		4AB4D3061FEA1CA200FFD1F0 /* Release */ = {
			isa = XCBuildConfiguration;
			buildSettings = {
				ALWAYS_EMBED_SWIFT_STANDARD_LIBRARIES = YES;
				ASSETCATALOG_COMPILER_APPICON_NAME = AppIcon;
				CODE_SIGN_ENTITLEMENTS = CheckWiFi/CheckWiFi.entitlements;
				CODE_SIGN_STYLE = Automatic;
				DEVELOPMENT_TEAM = 3LKUPW7U8G;
				INFOPLIST_FILE = CheckWiFi/Info.plist;
				LD_RUNPATH_SEARCH_PATHS = "$(inherited) @executable_path/Frameworks";
				PRODUCT_BUNDLE_IDENTIFIER = com.study.CheckWiFi;
				PRODUCT_NAME = "$(TARGET_NAME)";
				SWIFT_VERSION = 4.0;
				TARGETED_DEVICE_FAMILY = "1,2";
			};
			name = Release;
		};
		4AB4D3081FEA1CA200FFD1F0 /* Debug */ = {
			isa = XCBuildConfiguration;
			buildSettings = {
				ALWAYS_EMBED_SWIFT_STANDARD_LIBRARIES = YES;
				BUNDLE_LOADER = "$(TEST_HOST)";
				CODE_SIGN_STYLE = Automatic;
				DEVELOPMENT_TEAM = 3LKUPW7U8G;
				INFOPLIST_FILE = CheckWiFiTests/Info.plist;
				LD_RUNPATH_SEARCH_PATHS = "$(inherited) @executable_path/Frameworks @loader_path/Frameworks";
				PRODUCT_BUNDLE_IDENTIFIER = com.study.CheckWiFiTests;
				PRODUCT_NAME = "$(TARGET_NAME)";
				SWIFT_VERSION = 4.0;
				TARGETED_DEVICE_FAMILY = "1,2";
				TEST_HOST = "$(BUILT_PRODUCTS_DIR)/CheckWiFi.app/CheckWiFi";
			};
			name = Debug;
		};
		4AB4D3091FEA1CA200FFD1F0 /* Release */ = {
			isa = XCBuildConfiguration;
			buildSettings = {
				ALWAYS_EMBED_SWIFT_STANDARD_LIBRARIES = YES;
				BUNDLE_LOADER = "$(TEST_HOST)";
				CODE_SIGN_STYLE = Automatic;
				DEVELOPMENT_TEAM = 3LKUPW7U8G;
				INFOPLIST_FILE = CheckWiFiTests/Info.plist;
				LD_RUNPATH_SEARCH_PATHS = "$(inherited) @executable_path/Frameworks @loader_path/Frameworks";
				PRODUCT_BUNDLE_IDENTIFIER = com.study.CheckWiFiTests;
				PRODUCT_NAME = "$(TARGET_NAME)";
				SWIFT_VERSION = 4.0;
				TARGETED_DEVICE_FAMILY = "1,2";
				TEST_HOST = "$(BUILT_PRODUCTS_DIR)/CheckWiFi.app/CheckWiFi";
			};
			name = Release;
		};
		4AB4D30B1FEA1CA200FFD1F0 /* Debug */ = {
			isa = XCBuildConfiguration;
			buildSettings = {
				ALWAYS_EMBED_SWIFT_STANDARD_LIBRARIES = YES;
				CODE_SIGN_STYLE = Automatic;
				DEVELOPMENT_TEAM = 3LKUPW7U8G;
				INFOPLIST_FILE = CheckWiFiUITests/Info.plist;
				LD_RUNPATH_SEARCH_PATHS = "$(inherited) @executable_path/Frameworks @loader_path/Frameworks";
				PRODUCT_BUNDLE_IDENTIFIER = com.study.CheckWiFiUITests;
				PRODUCT_NAME = "$(TARGET_NAME)";
				SWIFT_VERSION = 4.0;
				TARGETED_DEVICE_FAMILY = "1,2";
				TEST_TARGET_NAME = CheckWiFi;
			};
			name = Debug;
		};
		4AB4D30C1FEA1CA200FFD1F0 /* Release */ = {
			isa = XCBuildConfiguration;
			buildSettings = {
				ALWAYS_EMBED_SWIFT_STANDARD_LIBRARIES = YES;
				CODE_SIGN_STYLE = Automatic;
				DEVELOPMENT_TEAM = 3LKUPW7U8G;
				INFOPLIST_FILE = CheckWiFiUITests/Info.plist;
				LD_RUNPATH_SEARCH_PATHS = "$(inherited) @executable_path/Frameworks @loader_path/Frameworks";
				PRODUCT_BUNDLE_IDENTIFIER = com.study.CheckWiFiUITests;
				PRODUCT_NAME = "$(TARGET_NAME)";
				SWIFT_VERSION = 4.0;
				TARGETED_DEVICE_FAMILY = "1,2";
				TEST_TARGET_NAME = CheckWiFi;
			};
			name = Release;
		};
		4AB4D3201FEA1D3300FFD1F0 /* Debug */ = {
			isa = XCBuildConfiguration;
			buildSettings = {
				CODE_SIGN_ENTITLEMENTS = WiFi_Info_Widget/WiFi_Info_Widget.entitlements;
				CODE_SIGN_STYLE = Automatic;
				DEVELOPMENT_TEAM = 3LKUPW7U8G;
				INFOPLIST_FILE = WiFi_Info_Widget/Info.plist;
				LD_RUNPATH_SEARCH_PATHS = "$(inherited) @executable_path/Frameworks @executable_path/../../Frameworks";
				PRODUCT_BUNDLE_IDENTIFIER = "com.study.CheckWiFi.WiFi-Info-Widget";
				PRODUCT_NAME = "$(TARGET_NAME)";
				SKIP_INSTALL = YES;
				SWIFT_VERSION = 4.0;
				TARGETED_DEVICE_FAMILY = "1,2";
			};
			name = Debug;
		};
		4AB4D3211FEA1D3300FFD1F0 /* Release */ = {
			isa = XCBuildConfiguration;
			buildSettings = {
				CODE_SIGN_ENTITLEMENTS = WiFi_Info_Widget/WiFi_Info_Widget.entitlements;
				CODE_SIGN_STYLE = Automatic;
				DEVELOPMENT_TEAM = 3LKUPW7U8G;
				INFOPLIST_FILE = WiFi_Info_Widget/Info.plist;
				LD_RUNPATH_SEARCH_PATHS = "$(inherited) @executable_path/Frameworks @executable_path/../../Frameworks";
				PRODUCT_BUNDLE_IDENTIFIER = "com.study.CheckWiFi.WiFi-Info-Widget";
				PRODUCT_NAME = "$(TARGET_NAME)";
				SKIP_INSTALL = YES;
				SWIFT_VERSION = 4.0;
				TARGETED_DEVICE_FAMILY = "1,2";
			};
			name = Release;
		};
/* End XCBuildConfiguration section */

/* Begin XCConfigurationList section */
		4AB4D2D71FEA1CA200FFD1F0 /* Build configuration list for PBXProject "CheckWiFi" */ = {
			isa = XCConfigurationList;
			buildConfigurations = (
				4AB4D3021FEA1CA200FFD1F0 /* Debug */,
				4AB4D3031FEA1CA200FFD1F0 /* Release */,
			);
			defaultConfigurationIsVisible = 0;
			defaultConfigurationName = Release;
		};
		4AB4D3041FEA1CA200FFD1F0 /* Build configuration list for PBXNativeTarget "CheckWiFi" */ = {
			isa = XCConfigurationList;
			buildConfigurations = (
				4AB4D3051FEA1CA200FFD1F0 /* Debug */,
				4AB4D3061FEA1CA200FFD1F0 /* Release */,
			);
			defaultConfigurationIsVisible = 0;
			defaultConfigurationName = Release;
		};
		4AB4D3071FEA1CA200FFD1F0 /* Build configuration list for PBXNativeTarget "CheckWiFiTests" */ = {
			isa = XCConfigurationList;
			buildConfigurations = (
				4AB4D3081FEA1CA200FFD1F0 /* Debug */,
				4AB4D3091FEA1CA200FFD1F0 /* Release */,
			);
			defaultConfigurationIsVisible = 0;
			defaultConfigurationName = Release;
		};
		4AB4D30A1FEA1CA200FFD1F0 /* Build configuration list for PBXNativeTarget "CheckWiFiUITests" */ = {
			isa = XCConfigurationList;
			buildConfigurations = (
				4AB4D30B1FEA1CA200FFD1F0 /* Debug */,
				4AB4D30C1FEA1CA200FFD1F0 /* Release */,
			);
			defaultConfigurationIsVisible = 0;
			defaultConfigurationName = Release;
		};
		4AB4D31F1FEA1D3300FFD1F0 /* Build configuration list for PBXNativeTarget "WiFi_Info_Widget" */ = {
			isa = XCConfigurationList;
			buildConfigurations = (
				4AB4D3201FEA1D3300FFD1F0 /* Debug */,
				4AB4D3211FEA1D3300FFD1F0 /* Release */,
			);
			defaultConfigurationIsVisible = 0;
			defaultConfigurationName = Release;
		};
/* End XCConfigurationList section */
	};
	rootObject = 4AB4D2D41FEA1CA200FFD1F0 /* Project object */;
}
